
Microsoft Visual Studio Solution File, Format Version 12.00
# Visual Studio Version 16
VisualStudioVersion = 16.0.30717.126
MinimumVisualStudioVersion = 10.0.40219.1
Project("{9A19103F-16F7-4668-BE54-9A1E7A4F7556}") = "ECommerceAPI.Server", "ECommerceAPI.Server\ECommerceAPI.Server.csproj", "{8AF5DDEA-3B49-4F98-BA13-AE44907C5B72}"
EndProject
Project("{FAE04EC0-301F-11D3-BF4B-00C04F79EFBC}") = "ECommerceApi.Data", "ECommerceApi.Data\ECommerceApi.Data.csproj", "{FFD90704-5730-4F91-A04B-92C11A80D6D2}"
EndProject
Global
	GlobalSection(SolutionConfigurationPlatforms) = preSolution
		Debug|Any CPU = Debug|Any CPU
		Release|Any CPU = Release|Any CPU
	EndGlobalSection
	GlobalSection(ProjectConfigurationPlatforms) = postSolution
		{8AF5DDEA-3B49-4F98-BA13-AE44907C5B72}.Debug|Any CPU.ActiveCfg = Debug|Any CPU
		{8AF5DDEA-3B49-4F98-BA13-AE44907C5B72}.Debug|Any CPU.Build.0 = Debug|Any CPU
		{8AF5DDEA-3B49-4F98-BA13-AE44907C5B72}.Release|Any CPU.ActiveCfg = Release|Any CPU
		{8AF5DDEA-3B49-4F98-BA13-AE44907C5B72}.Release|Any CPU.Build.0 = Release|Any CPU
		{FFD90704-5730-4F91-A04B-92C11A80D6D2}.Debug|Any CPU.ActiveCfg = Debug|Any CPU
		{FFD90704-5730-4F91-A04B-92C11A80D6D2}.Debug|Any CPU.Build.0 = Debug|Any CPU
		{FFD90704-5730-4F91-A04B-92C11A80D6D2}.Release|Any CPU.ActiveCfg = Release|Any CPU
		{FFD90704-5730-4F91-A04B-92C11A80D6D2}.Release|Any CPU.Build.0 = Release|Any CPU
	EndGlobalSection
	GlobalSection(SolutionProperties) = preSolution
		HideSolutionNode = FALSE
	EndGlobalSection
	GlobalSection(ExtensibilityGlobals) = postSolution
		SolutionGuid = {E691A612-9EDB-4965-A068-A5685C65D0BF}
	EndGlobalSection
EndGlobal
